
Microsoft Visual Studio Solution File, Format Version 12.00
# Visual Studio Version 16
VisualStudioVersion = 16.0.34031.81
MinimumVisualStudioVersion = 10.0.40219.1
Project("{FAE04EC0-301F-11D3-BF4B-00C04F79EFBC}") = "soma_inteiros", "soma_inteiros.csproj", "{5D8BC042-4AD8-4A0F-9AE4-4147C1A0F304}"
EndProject
Global
	GlobalSection(SolutionConfigurationPlatforms) = preSolution
		Debug|Any CPU = Debug|Any CPU
		Release|Any CPU = Release|Any CPU
	EndGlobalSection
	GlobalSection(ProjectConfigurationPlatforms) = postSolution
		{5D8BC042-4AD8-4A0F-9AE4-4147C1A0F304}.Debug|Any CPU.ActiveCfg = Debug|Any CPU
		{5D8BC042-4AD8-4A0F-9AE4-4147C1A0F304}.Debug|Any CPU.Build.0 = Debug|Any CPU
		{5D8BC042-4AD8-4A0F-9AE4-4147C1A0F304}.Release|Any CPU.ActiveCfg = Release|Any CPU
		{5D8BC042-4AD8-4A0F-9AE4-4147C1A0F304}.Release|Any CPU.Build.0 = Release|Any CPU
	EndGlobalSection
	GlobalSection(SolutionProperties) = preSolution
		HideSolutionNode = FALSE
	EndGlobalSection
	GlobalSection(ExtensibilityGlobals) = postSolution
		SolutionGuid = {0DB175AE-B9EB-40DB-9B32-886E36681F21}
	EndGlobalSection
EndGlobal
